
Microsoft Visual Studio Solution File, Format Version 12.00
# Visual Studio Version 16
VisualStudioVersion = 16.0.30002.166
MinimumVisualStudioVersion = 10.0.40219.1
Project("{FAE04EC0-301F-11D3-BF4B-00C04F79EFBC}") = "Objetos", "Objetos.csproj", "{8803AF71-2FEC-41DD-BE51-124E376D5582}"
EndProject
Project("{FAE04EC0-301F-11D3-BF4B-00C04F79EFBC}") = "GeradorDeObjetos", "..\GeradorDeObjetos\GeradorDeObjetos.csproj", "{829780C2-2D40-4C03-A36A-F03382A413C1}"
EndProject
Global
	GlobalSection(SolutionConfigurationPlatforms) = preSolution
		Debug|Any CPU = Debug|Any CPU
		Release|Any CPU = Release|Any CPU
	EndGlobalSection
	GlobalSection(ProjectConfigurationPlatforms) = postSolution
		{8803AF71-2FEC-41DD-BE51-124E376D5582}.Debug|Any CPU.ActiveCfg = Debug|Any CPU
		{8803AF71-2FEC-41DD-BE51-124E376D5582}.Debug|Any CPU.Build.0 = Debug|Any CPU
		{8803AF71-2FEC-41DD-BE51-124E376D5582}.Release|Any CPU.ActiveCfg = Release|Any CPU
		{8803AF71-2FEC-41DD-BE51-124E376D5582}.Release|Any CPU.Build.0 = Release|Any CPU
		{829780C2-2D40-4C03-A36A-F03382A413C1}.Debug|Any CPU.ActiveCfg = Debug|Any CPU
		{829780C2-2D40-4C03-A36A-F03382A413C1}.Debug|Any CPU.Build.0 = Debug|Any CPU
		{829780C2-2D40-4C03-A36A-F03382A413C1}.Release|Any CPU.ActiveCfg = Release|Any CPU
		{829780C2-2D40-4C03-A36A-F03382A413C1}.Release|Any CPU.Build.0 = Release|Any CPU
	EndGlobalSection
	GlobalSection(SolutionProperties) = preSolution
		HideSolutionNode = FALSE
	EndGlobalSection
	GlobalSection(ExtensibilityGlobals) = postSolution
		SolutionGuid = {616799A6-9DEE-468E-AA02-952286E30B36}
	EndGlobalSection
EndGlobal
