
Microsoft Visual Studio Solution File, Format Version 12.00
# Visual Studio Version 16
VisualStudioVersion = 16.0.30002.166
MinimumVisualStudioVersion = 10.0.40219.1
Project("{FAE04EC0-301F-11D3-BF4B-00C04F79EFBC}") = "Pessoas", "Pessoas\Pessoas.csproj", "{42C871E2-B87A-42CC-8A7E-E1D1F5E0559E}"
EndProject
Project("{FAE04EC0-301F-11D3-BF4B-00C04F79EFBC}") = "Documentos", "Documentos\Documentos.csproj", "{B04DBC56-72E3-4797-88D8-34A4006C1475}"
EndProject
Project("{FAE04EC0-301F-11D3-BF4B-00C04F79EFBC}") = "Constantes", "Constantes\Constantes.csproj", "{7EC440E3-83EA-4B89-9C54-087540F3FC80}"
EndProject
Project("{FAE04EC0-301F-11D3-BF4B-00C04F79EFBC}") = "Enderecos", "Enderecos\Enderecos.csproj", "{86614355-3598-43A8-876E-CBBFAD647DB6}"
EndProject
Project("{FAE04EC0-301F-11D3-BF4B-00C04F79EFBC}") = "Ibge", "Ibge\Ibge.csproj", "{4A487C84-34B8-4202-AEC9-AE81966FD714}"
EndProject
Project("{FAE04EC0-301F-11D3-BF4B-00C04F79EFBC}") = "Telefones", "Telefones\Telefones.csproj", "{8EDAB0CF-0E8E-41E7-B4FA-9EE93E79F3B9}"
EndProject
Project("{FAE04EC0-301F-11D3-BF4B-00C04F79EFBC}") = "Utilitarios", "Utilitarios\Utilitarios.csproj", "{87EC7BC9-E655-486B-A166-1093835B5A34}"
EndProject
Project("{FAE04EC0-301F-11D3-BF4B-00C04F79EFBC}") = "Mensagens", "Mensagens\Mensagens.csproj", "{59FF827C-B7D4-4588-96C6-3575B004621B}"
EndProject
Project("{FAE04EC0-301F-11D3-BF4B-00C04F79EFBC}") = "Dados", "Dados\Dados.csproj", "{AD9E9937-DA2C-47D5-8907-051ED25DD3DC}"
EndProject
Project("{FAE04EC0-301F-11D3-BF4B-00C04F79EFBC}") = "Empresas", "Empresas\Empresas.csproj", "{33B39C2E-B981-4D8D-A81E-51C51625F3B1}"
EndProject
Project("{FAE04EC0-301F-11D3-BF4B-00C04F79EFBC}") = "Folha", "Folha\Folha.csproj", "{C8EE0EE6-9CFD-48AC-88BD-80B907F19CB8}"
EndProject
Project("{FAE04EC0-301F-11D3-BF4B-00C04F79EFBC}") = "PersistenciaArquivo", "PersistenciaArquivo\PersistenciaArquivo.csproj", "{6D0DFE96-CA43-463F-AE93-ADDC7FE6C5D0}"
EndProject
Project("{FAE04EC0-301F-11D3-BF4B-00C04F79EFBC}") = "Interfaces", "Interfaces\Interfaces.csproj", "{46509DB1-C710-4344-9103-7BF1D4833D5C}"
EndProject
Project("{FAE04EC0-301F-11D3-BF4B-00C04F79EFBC}") = "Arquivos", "Arquivos\Arquivos.csproj", "{90C597C2-41C8-4718-8BD9-B8EAB55450BD}"
EndProject
Global
	GlobalSection(SolutionConfigurationPlatforms) = preSolution
		Debug|Any CPU = Debug|Any CPU
		Release|Any CPU = Release|Any CPU
	EndGlobalSection
	GlobalSection(ProjectConfigurationPlatforms) = postSolution
		{42C871E2-B87A-42CC-8A7E-E1D1F5E0559E}.Debug|Any CPU.ActiveCfg = Debug|Any CPU
		{42C871E2-B87A-42CC-8A7E-E1D1F5E0559E}.Debug|Any CPU.Build.0 = Debug|Any CPU
		{42C871E2-B87A-42CC-8A7E-E1D1F5E0559E}.Release|Any CPU.ActiveCfg = Release|Any CPU
		{42C871E2-B87A-42CC-8A7E-E1D1F5E0559E}.Release|Any CPU.Build.0 = Release|Any CPU
		{B04DBC56-72E3-4797-88D8-34A4006C1475}.Debug|Any CPU.ActiveCfg = Debug|Any CPU
		{B04DBC56-72E3-4797-88D8-34A4006C1475}.Debug|Any CPU.Build.0 = Debug|Any CPU
		{B04DBC56-72E3-4797-88D8-34A4006C1475}.Release|Any CPU.ActiveCfg = Release|Any CPU
		{B04DBC56-72E3-4797-88D8-34A4006C1475}.Release|Any CPU.Build.0 = Release|Any CPU
		{7EC440E3-83EA-4B89-9C54-087540F3FC80}.Debug|Any CPU.ActiveCfg = Debug|Any CPU
		{7EC440E3-83EA-4B89-9C54-087540F3FC80}.Debug|Any CPU.Build.0 = Debug|Any CPU
		{7EC440E3-83EA-4B89-9C54-087540F3FC80}.Release|Any CPU.ActiveCfg = Release|Any CPU
		{7EC440E3-83EA-4B89-9C54-087540F3FC80}.Release|Any CPU.Build.0 = Release|Any CPU
		{86614355-3598-43A8-876E-CBBFAD647DB6}.Debug|Any CPU.ActiveCfg = Debug|Any CPU
		{86614355-3598-43A8-876E-CBBFAD647DB6}.Debug|Any CPU.Build.0 = Debug|Any CPU
		{86614355-3598-43A8-876E-CBBFAD647DB6}.Release|Any CPU.ActiveCfg = Release|Any CPU
		{86614355-3598-43A8-876E-CBBFAD647DB6}.Release|Any CPU.Build.0 = Release|Any CPU
		{4A487C84-34B8-4202-AEC9-AE81966FD714}.Debug|Any CPU.ActiveCfg = Debug|Any CPU
		{4A487C84-34B8-4202-AEC9-AE81966FD714}.Debug|Any CPU.Build.0 = Debug|Any CPU
		{4A487C84-34B8-4202-AEC9-AE81966FD714}.Release|Any CPU.ActiveCfg = Release|Any CPU
		{4A487C84-34B8-4202-AEC9-AE81966FD714}.Release|Any CPU.Build.0 = Release|Any CPU
		{8EDAB0CF-0E8E-41E7-B4FA-9EE93E79F3B9}.Debug|Any CPU.ActiveCfg = Debug|Any CPU
		{8EDAB0CF-0E8E-41E7-B4FA-9EE93E79F3B9}.Debug|Any CPU.Build.0 = Debug|Any CPU
		{8EDAB0CF-0E8E-41E7-B4FA-9EE93E79F3B9}.Release|Any CPU.ActiveCfg = Release|Any CPU
		{8EDAB0CF-0E8E-41E7-B4FA-9EE93E79F3B9}.Release|Any CPU.Build.0 = Release|Any CPU
		{87EC7BC9-E655-486B-A166-1093835B5A34}.Debug|Any CPU.ActiveCfg = Debug|Any CPU
		{87EC7BC9-E655-486B-A166-1093835B5A34}.Debug|Any CPU.Build.0 = Debug|Any CPU
		{87EC7BC9-E655-486B-A166-1093835B5A34}.Release|Any CPU.ActiveCfg = Release|Any CPU
		{87EC7BC9-E655-486B-A166-1093835B5A34}.Release|Any CPU.Build.0 = Release|Any CPU
		{59FF827C-B7D4-4588-96C6-3575B004621B}.Debug|Any CPU.ActiveCfg = Debug|Any CPU
		{59FF827C-B7D4-4588-96C6-3575B004621B}.Debug|Any CPU.Build.0 = Debug|Any CPU
		{59FF827C-B7D4-4588-96C6-3575B004621B}.Release|Any CPU.ActiveCfg = Release|Any CPU
		{59FF827C-B7D4-4588-96C6-3575B004621B}.Release|Any CPU.Build.0 = Release|Any CPU
		{AD9E9937-DA2C-47D5-8907-051ED25DD3DC}.Debug|Any CPU.ActiveCfg = Debug|Any CPU
		{AD9E9937-DA2C-47D5-8907-051ED25DD3DC}.Debug|Any CPU.Build.0 = Debug|Any CPU
		{AD9E9937-DA2C-47D5-8907-051ED25DD3DC}.Release|Any CPU.ActiveCfg = Release|Any CPU
		{AD9E9937-DA2C-47D5-8907-051ED25DD3DC}.Release|Any CPU.Build.0 = Release|Any CPU
		{33B39C2E-B981-4D8D-A81E-51C51625F3B1}.Debug|Any CPU.ActiveCfg = Debug|Any CPU
		{33B39C2E-B981-4D8D-A81E-51C51625F3B1}.Debug|Any CPU.Build.0 = Debug|Any CPU
		{33B39C2E-B981-4D8D-A81E-51C51625F3B1}.Release|Any CPU.ActiveCfg = Release|Any CPU
		{33B39C2E-B981-4D8D-A81E-51C51625F3B1}.Release|Any CPU.Build.0 = Release|Any CPU
		{C8EE0EE6-9CFD-48AC-88BD-80B907F19CB8}.Debug|Any CPU.ActiveCfg = Debug|Any CPU
		{C8EE0EE6-9CFD-48AC-88BD-80B907F19CB8}.Debug|Any CPU.Build.0 = Debug|Any CPU
		{C8EE0EE6-9CFD-48AC-88BD-80B907F19CB8}.Release|Any CPU.ActiveCfg = Release|Any CPU
		{C8EE0EE6-9CFD-48AC-88BD-80B907F19CB8}.Release|Any CPU.Build.0 = Release|Any CPU
		{6D0DFE96-CA43-463F-AE93-ADDC7FE6C5D0}.Debug|Any CPU.ActiveCfg = Debug|Any CPU
		{6D0DFE96-CA43-463F-AE93-ADDC7FE6C5D0}.Debug|Any CPU.Build.0 = Debug|Any CPU
		{6D0DFE96-CA43-463F-AE93-ADDC7FE6C5D0}.Release|Any CPU.ActiveCfg = Release|Any CPU
		{6D0DFE96-CA43-463F-AE93-ADDC7FE6C5D0}.Release|Any CPU.Build.0 = Release|Any CPU
		{46509DB1-C710-4344-9103-7BF1D4833D5C}.Debug|Any CPU.ActiveCfg = Debug|Any CPU
		{46509DB1-C710-4344-9103-7BF1D4833D5C}.Debug|Any CPU.Build.0 = Debug|Any CPU
		{46509DB1-C710-4344-9103-7BF1D4833D5C}.Release|Any CPU.ActiveCfg = Release|Any CPU
		{46509DB1-C710-4344-9103-7BF1D4833D5C}.Release|Any CPU.Build.0 = Release|Any CPU
		{90C597C2-41C8-4718-8BD9-B8EAB55450BD}.Debug|Any CPU.ActiveCfg = Debug|Any CPU
		{90C597C2-41C8-4718-8BD9-B8EAB55450BD}.Debug|Any CPU.Build.0 = Debug|Any CPU
		{90C597C2-41C8-4718-8BD9-B8EAB55450BD}.Release|Any CPU.ActiveCfg = Release|Any CPU
		{90C597C2-41C8-4718-8BD9-B8EAB55450BD}.Release|Any CPU.Build.0 = Release|Any CPU
	EndGlobalSection
	GlobalSection(SolutionProperties) = preSolution
		HideSolutionNode = FALSE
	EndGlobalSection
	GlobalSection(ExtensibilityGlobals) = postSolution
		SolutionGuid = {EEDAF91F-9421-44D0-85C5-7E8788FF139E}
	EndGlobalSection
EndGlobal
